
Microsoft Visual Studio Solution File, Format Version 12.00
# Visual Studio Version 17
VisualStudioVersion = 17.8.34511.84
MinimumVisualStudioVersion = 10.0.40219.1
Project("{FAE04EC0-301F-11D3-BF4B-00C04F79EFBC}") = "Backend", "Backend\Backend.csproj", "{2CC4538F-3641-446B-88A5-AC569814C552}"
EndProject
Global
	GlobalSection(SolutionConfigurationPlatforms) = preSolution
		Debug|Any CPU = Debug|Any CPU
		Release|Any CPU = Release|Any CPU
	EndGlobalSection
	GlobalSection(ProjectConfigurationPlatforms) = postSolution
		{2CC4538F-3641-446B-88A5-AC569814C552}.Debug|Any CPU.ActiveCfg = Debug|Any CPU
		{2CC4538F-3641-446B-88A5-AC569814C552}.Debug|Any CPU.Build.0 = Debug|Any CPU
		{2CC4538F-3641-446B-88A5-AC569814C552}.Release|Any CPU.ActiveCfg = Release|Any CPU
		{2CC4538F-3641-446B-88A5-AC569814C552}.Release|Any CPU.Build.0 = Release|Any CPU
	EndGlobalSection
	GlobalSection(SolutionProperties) = preSolution
		HideSolutionNode = FALSE
	EndGlobalSection
	GlobalSection(ExtensibilityGlobals) = postSolution
		SolutionGuid = {349C35B7-C41B-42CF-B6FA-D601488B2E13}
	EndGlobalSection
EndGlobal
